
Microsoft Visual Studio Solution File, Format Version 12.00
# Visual Studio Version 16
VisualStudioVersion = 16.0.31515.178
MinimumVisualStudioVersion = 10.0.40219.1
Project("{FAE04EC0-301F-11D3-BF4B-00C04F79EFBC}") = "Week 14 - Praktikum", "Week 14 - Praktikum\Week 14 - Praktikum.csproj", "{A34AC5C6-CDAB-4724-AD2D-D69442C81396}"
EndProject
Global
	GlobalSection(SolutionConfigurationPlatforms) = preSolution
		Debug|Any CPU = Debug|Any CPU
		Release|Any CPU = Release|Any CPU
	EndGlobalSection
	GlobalSection(ProjectConfigurationPlatforms) = postSolution
		{A34AC5C6-CDAB-4724-AD2D-D69442C81396}.Debug|Any CPU.ActiveCfg = Debug|Any CPU
		{A34AC5C6-CDAB-4724-AD2D-D69442C81396}.Debug|Any CPU.Build.0 = Debug|Any CPU
		{A34AC5C6-CDAB-4724-AD2D-D69442C81396}.Release|Any CPU.ActiveCfg = Release|Any CPU
		{A34AC5C6-CDAB-4724-AD2D-D69442C81396}.Release|Any CPU.Build.0 = Release|Any CPU
	EndGlobalSection
	GlobalSection(SolutionProperties) = preSolution
		HideSolutionNode = FALSE
	EndGlobalSection
	GlobalSection(ExtensibilityGlobals) = postSolution
		SolutionGuid = {D9A48B56-2CC1-408E-8B71-589E7FA4C9F6}
	EndGlobalSection
EndGlobal
